
Microsoft Visual Studio Solution File, Format Version 12.00
# Visual Studio 15
VisualStudioVersion = 15.0.28010.2048
MinimumVisualStudioVersion = 10.0.40219.1
Project("{DA7A21FA-8162-4350-AD77-A8D1B671F3ED}") = "SQLServerMachineLearning", "SQLServerMachineLearning\SQLServerMachineLearning.rxproj", "{AB60E6CA-84F1-4FF5-857A-075F08522D1B}"
EndProject
Global
	GlobalSection(SolutionConfigurationPlatforms) = preSolution
		Debug|Any CPU = Debug|Any CPU
		Release|Any CPU = Release|Any CPU
	EndGlobalSection
	GlobalSection(ProjectConfigurationPlatforms) = postSolution
		{AB60E6CA-84F1-4FF5-857A-075F08522D1B}.Debug|Any CPU.ActiveCfg = Debug|Any CPU
		{AB60E6CA-84F1-4FF5-857A-075F08522D1B}.Debug|Any CPU.Build.0 = Debug|Any CPU
		{AB60E6CA-84F1-4FF5-857A-075F08522D1B}.Release|Any CPU.ActiveCfg = Debug|Any CPU
		{AB60E6CA-84F1-4FF5-857A-075F08522D1B}.Release|Any CPU.Build.0 = Debug|Any CPU
	EndGlobalSection
	GlobalSection(SolutionProperties) = preSolution
		HideSolutionNode = FALSE
	EndGlobalSection
	GlobalSection(ExtensibilityGlobals) = postSolution
		SolutionGuid = {6E3F50A9-7745-405A-BE41-7E41AC6DEB11}
	EndGlobalSection
EndGlobal
